// !$*UTF8*$!
{
	archiveVersion = 1;
	classes = {
	};
	objectVersion = 48;
	objects = {

/* Begin PBXBuildFile section */
		0C0D0923201A468F000DFBAF /* main.c in Sources */ = {isa = PBXBuildFile; fileRef = 0C0D0922201A468F000DFBAF /* main.c */; };
		0C0D0929201A4926000DFBAF /* libcunit.dylib in Frameworks */ = {isa = PBXBuildFile; fileRef = 0C0D0928201A4926000DFBAF /* libcunit.dylib */; };
		0C0D0937201A4F63000DFBAF /* libdproxyCore.dylib in Frameworks */ = {isa = PBXBuildFile; fileRef = 0C0D092E201A4E32000DFBAF /* libdproxyCore.dylib */; };
		0C0D093A201A5044000DFBAF /* DCProxy.c in Sources */ = {isa = PBXBuildFile; fileRef = 0C0D0938201A5044000DFBAF /* DCProxy.c */; };
		0C0D093B201A5044000DFBAF /* DCProxy.h in Headers */ = {isa = PBXBuildFile; fileRef = 0C0D0939201A5044000DFBAF /* DCProxy.h */; settings = {ATTRIBUTES = (Public, ); }; };
		0C0D093E201A51B5000DFBAF /* DCChannel.c in Sources */ = {isa = PBXBuildFile; fileRef = 0C0D093C201A51B5000DFBAF /* DCChannel.c */; };
		0C0D093F201A51B5000DFBAF /* DCChannel.h in Headers */ = {isa = PBXBuildFile; fileRef = 0C0D093D201A51B5000DFBAF /* DCChannel.h */; settings = {ATTRIBUTES = (Public, ); }; };
		0C2D170B201A654E001A8E90 /* log.c in Sources */ = {isa = PBXBuildFile; fileRef = 0CDEBFF0200DD1A9002BCCF2 /* log.c */; };
		0C2D170E201A6B04001A8E90 /* DCConnection.c in Sources */ = {isa = PBXBuildFile; fileRef = 0C2D170C201A6B04001A8E90 /* DCConnection.c */; };
		0C2D170F201A6B04001A8E90 /* DCConnection.h in Headers */ = {isa = PBXBuildFile; fileRef = 0C2D170D201A6B04001A8E90 /* DCConnection.h */; settings = {ATTRIBUTES = (Public, ); }; };
		0C2D1710201DB806001A8E90 /* utils.c in Sources */ = {isa = PBXBuildFile; fileRef = 0C947BC82013B37600DF3B52 /* utils.c */; };
		0C947BC120137A9D00DF3B52 /* proxy_channel.c in Sources */ = {isa = PBXBuildFile; fileRef = 0C947BBF20137A9D00DF3B52 /* proxy_channel.c */; };
		0C947BC42013B07900DF3B52 /* client_connection.c in Sources */ = {isa = PBXBuildFile; fileRef = 0C947BC22013B07900DF3B52 /* client_connection.c */; };
		0C947BC72013B08400DF3B52 /* server_connection.c in Sources */ = {isa = PBXBuildFile; fileRef = 0C947BC52013B08400DF3B52 /* server_connection.c */; };
		0CDEBFC9200BB774002BCCF2 /* main.c in Sources */ = {isa = PBXBuildFile; fileRef = 0CDEBFC8200BB774002BCCF2 /* main.c */; };
		0CDEBFDC200CF9B6002BCCF2 /* proxy.c in Sources */ = {isa = PBXBuildFile; fileRef = 0CDEBFDA200CF9B6002BCCF2 /* proxy.c */; };
/* End PBXBuildFile section */

/* Begin PBXCopyFilesBuildPhase section */
		0C0D091E201A468F000DFBAF /* CopyFiles */ = {
			isa = PBXCopyFilesBuildPhase;
			buildActionMask = 2147483647;
			dstPath = /usr/share/man/man1/;
			dstSubfolderSpec = 0;
			files = (
			);
			runOnlyForDeploymentPostprocessing = 1;
		};
		0CDEBFC3200BB773002BCCF2 /* CopyFiles */ = {
			isa = PBXCopyFilesBuildPhase;
			buildActionMask = 2147483647;
			dstPath = /usr/share/man/man1/;
			dstSubfolderSpec = 0;
			files = (
			);
			runOnlyForDeploymentPostprocessing = 1;
		};
/* End PBXCopyFilesBuildPhase section */

/* Begin PBXFileReference section */
		0C0D0920201A468F000DFBAF /* dproxyTests */ = {isa = PBXFileReference; explicitFileType = "compiled.mach-o.executable"; includeInIndex = 0; path = dproxyTests; sourceTree = BUILT_PRODUCTS_DIR; };
		0C0D0922201A468F000DFBAF /* main.c */ = {isa = PBXFileReference; lastKnownFileType = sourcecode.c.c; path = main.c; sourceTree = "<group>"; };
		0C0D0928201A4926000DFBAF /* libcunit.dylib */ = {isa = PBXFileReference; lastKnownFileType = "compiled.mach-o.dylib"; name = libcunit.dylib; path = "../../../../usr/local/Cellar/cunit/2.1-3/lib/libcunit.dylib"; sourceTree = "<group>"; };
		0C0D092E201A4E32000DFBAF /* libdproxyCore.dylib */ = {isa = PBXFileReference; explicitFileType = "compiled.mach-o.dylib"; includeInIndex = 0; path = libdproxyCore.dylib; sourceTree = BUILT_PRODUCTS_DIR; };
		0C0D0938201A5044000DFBAF /* DCProxy.c */ = {isa = PBXFileReference; lastKnownFileType = sourcecode.c.c; path = DCProxy.c; sourceTree = "<group>"; };
		0C0D0939201A5044000DFBAF /* DCProxy.h */ = {isa = PBXFileReference; lastKnownFileType = sourcecode.c.h; path = DCProxy.h; sourceTree = "<group>"; };
		0C0D093C201A51B5000DFBAF /* DCChannel.c */ = {isa = PBXFileReference; lastKnownFileType = sourcecode.c.c; path = DCChannel.c; sourceTree = "<group>"; };
		0C0D093D201A51B5000DFBAF /* DCChannel.h */ = {isa = PBXFileReference; lastKnownFileType = sourcecode.c.h; path = DCChannel.h; sourceTree = "<group>"; };
		0C2D170C201A6B04001A8E90 /* DCConnection.c */ = {isa = PBXFileReference; lastKnownFileType = sourcecode.c.c; path = DCConnection.c; sourceTree = "<group>"; };
		0C2D170D201A6B04001A8E90 /* DCConnection.h */ = {isa = PBXFileReference; lastKnownFileType = sourcecode.c.h; path = DCConnection.h; sourceTree = "<group>"; };
		0C947BBE20136F3200DF3B52 /* test.sh */ = {isa = PBXFileReference; lastKnownFileType = text.script.sh; path = test.sh; sourceTree = "<group>"; };
		0C947BBF20137A9D00DF3B52 /* proxy_channel.c */ = {isa = PBXFileReference; lastKnownFileType = sourcecode.c.c; path = proxy_channel.c; sourceTree = "<group>"; };
		0C947BC020137A9D00DF3B52 /* proxy_channel.h */ = {isa = PBXFileReference; lastKnownFileType = sourcecode.c.h; path = proxy_channel.h; sourceTree = "<group>"; };
		0C947BC22013B07900DF3B52 /* client_connection.c */ = {isa = PBXFileReference; lastKnownFileType = sourcecode.c.c; path = client_connection.c; sourceTree = "<group>"; };
		0C947BC32013B07900DF3B52 /* client_connection.h */ = {isa = PBXFileReference; lastKnownFileType = sourcecode.c.h; path = client_connection.h; sourceTree = "<group>"; };
		0C947BC52013B08400DF3B52 /* server_connection.c */ = {isa = PBXFileReference; lastKnownFileType = sourcecode.c.c; path = server_connection.c; sourceTree = "<group>"; };
		0C947BC62013B08400DF3B52 /* server_connection.h */ = {isa = PBXFileReference; lastKnownFileType = sourcecode.c.h; path = server_connection.h; sourceTree = "<group>"; };
		0C947BC82013B37600DF3B52 /* utils.c */ = {isa = PBXFileReference; lastKnownFileType = sourcecode.c.c; path = utils.c; sourceTree = "<group>"; };
		0C947BC92013B37600DF3B52 /* utils.h */ = {isa = PBXFileReference; lastKnownFileType = sourcecode.c.h; path = utils.h; sourceTree = "<group>"; };
		0CDEBFC5200BB773002BCCF2 /* dproxy */ = {isa = PBXFileReference; explicitFileType = "compiled.mach-o.executable"; includeInIndex = 0; path = dproxy; sourceTree = BUILT_PRODUCTS_DIR; };
		0CDEBFC8200BB774002BCCF2 /* main.c */ = {isa = PBXFileReference; lastKnownFileType = sourcecode.c.c; path = main.c; sourceTree = "<group>"; };
		0CDEBFDA200CF9B6002BCCF2 /* proxy.c */ = {isa = PBXFileReference; lastKnownFileType = sourcecode.c.c; path = proxy.c; sourceTree = "<group>"; };
		0CDEBFDB200CF9B6002BCCF2 /* proxy.h */ = {isa = PBXFileReference; lastKnownFileType = sourcecode.c.h; path = proxy.h; sourceTree = "<group>"; };
		0CDEBFF0200DD1A9002BCCF2 /* log.c */ = {isa = PBXFileReference; lastKnownFileType = sourcecode.c.c; path = log.c; sourceTree = "<group>"; };
		0CDEBFF1200DD1A9002BCCF2 /* log.h */ = {isa = PBXFileReference; lastKnownFileType = sourcecode.c.h; path = log.h; sourceTree = "<group>"; };
/* End PBXFileReference section */

/* Begin PBXFrameworksBuildPhase section */
		0C0D091D201A468F000DFBAF /* Frameworks */ = {
			isa = PBXFrameworksBuildPhase;
			buildActionMask = 2147483647;
			files = (
				0C0D0929201A4926000DFBAF /* libcunit.dylib in Frameworks */,
				0C0D0937201A4F63000DFBAF /* libdproxyCore.dylib in Frameworks */,
			);
			runOnlyForDeploymentPostprocessing = 0;
		};
		0C0D092B201A4E32000DFBAF /* Frameworks */ = {
			isa = PBXFrameworksBuildPhase;
			buildActionMask = 2147483647;
			files = (
			);
			runOnlyForDeploymentPostprocessing = 0;
		};
		0CDEBFC2200BB773002BCCF2 /* Frameworks */ = {
			isa = PBXFrameworksBuildPhase;
			buildActionMask = 2147483647;
			files = (
			);
			runOnlyForDeploymentPostprocessing = 0;
		};
/* End PBXFrameworksBuildPhase section */

/* Begin PBXGroup section */
		0C0D0921201A468F000DFBAF /* dproxyTests */ = {
			isa = PBXGroup;
			children = (
				0C0D0922201A468F000DFBAF /* main.c */,
			);
			path = dproxyTests;
			sourceTree = "<group>";
		};
		0C0D0927201A4926000DFBAF /* Frameworks */ = {
			isa = PBXGroup;
			children = (
				0C0D0928201A4926000DFBAF /* libcunit.dylib */,
			);
			name = Frameworks;
			sourceTree = "<group>";
		};
		0C0D0932201A4E75000DFBAF /* dproxyCore */ = {
			isa = PBXGroup;
			children = (
				0C947BC82013B37600DF3B52 /* utils.c */,
				0C947BC92013B37600DF3B52 /* utils.h */,
				0CDEBFF0200DD1A9002BCCF2 /* log.c */,
				0CDEBFF1200DD1A9002BCCF2 /* log.h */,
				0C0D0938201A5044000DFBAF /* DCProxy.c */,
				0C0D0939201A5044000DFBAF /* DCProxy.h */,
				0C0D093C201A51B5000DFBAF /* DCChannel.c */,
				0C0D093D201A51B5000DFBAF /* DCChannel.h */,
				0C2D170C201A6B04001A8E90 /* DCConnection.c */,
				0C2D170D201A6B04001A8E90 /* DCConnection.h */,
			);
			path = dproxyCore;
			sourceTree = "<group>";
		};
		0C947BBC20136E6700DF3B52 /* tests */ = {
			isa = PBXGroup;
			children = (
				0C947BBE20136F3200DF3B52 /* test.sh */,
			);
			path = tests;
			sourceTree = "<group>";
		};
		0CDEBFBC200BB773002BCCF2 = {
			isa = PBXGroup;
			children = (
				0C0D0932201A4E75000DFBAF /* dproxyCore */,
				0CDEBFC7200BB774002BCCF2 /* dproxy */,
				0C947BBC20136E6700DF3B52 /* tests */,
				0C0D0921201A468F000DFBAF /* dproxyTests */,
				0CDEBFC6200BB773002BCCF2 /* Products */,
				0C0D0927201A4926000DFBAF /* Frameworks */,
			);
			sourceTree = "<group>";
		};
		0CDEBFC6200BB773002BCCF2 /* Products */ = {
			isa = PBXGroup;
			children = (
				0CDEBFC5200BB773002BCCF2 /* dproxy */,
				0C0D0920201A468F000DFBAF /* dproxyTests */,
				0C0D092E201A4E32000DFBAF /* libdproxyCore.dylib */,
			);
			name = Products;
			sourceTree = "<group>";
		};
		0CDEBFC7200BB774002BCCF2 /* dproxy */ = {
			isa = PBXGroup;
			children = (
				0C947BC22013B07900DF3B52 /* client_connection.c */,
				0C947BC32013B07900DF3B52 /* client_connection.h */,
				0CDEBFC8200BB774002BCCF2 /* main.c */,
				0C947BBF20137A9D00DF3B52 /* proxy_channel.c */,
				0C947BC020137A9D00DF3B52 /* proxy_channel.h */,
				0CDEBFDA200CF9B6002BCCF2 /* proxy.c */,
				0CDEBFDB200CF9B6002BCCF2 /* proxy.h */,
				0C947BC52013B08400DF3B52 /* server_connection.c */,
				0C947BC62013B08400DF3B52 /* server_connection.h */,
			);
			path = dproxy;
			sourceTree = "<group>";
		};
/* End PBXGroup section */

/* Begin PBXHeadersBuildPhase section */
		0C0D092C201A4E32000DFBAF /* Headers */ = {
			isa = PBXHeadersBuildPhase;
			buildActionMask = 2147483647;
			files = (
				0C0D093B201A5044000DFBAF /* DCProxy.h in Headers */,
				0C2D170F201A6B04001A8E90 /* DCConnection.h in Headers */,
				0C0D093F201A51B5000DFBAF /* DCChannel.h in Headers */,
			);
			runOnlyForDeploymentPostprocessing = 0;
		};
/* End PBXHeadersBuildPhase section */

/* Begin PBXNativeTarget section */
		0C0D091F201A468F000DFBAF /* dproxyTests */ = {
			isa = PBXNativeTarget;
			buildConfigurationList = 0C0D0926201A468F000DFBAF /* Build configuration list for PBXNativeTarget "dproxyTests" */;
			buildPhases = (
				0C0D091C201A468F000DFBAF /* Sources */,
				0C0D091D201A468F000DFBAF /* Frameworks */,
				0C0D091E201A468F000DFBAF /* CopyFiles */,
			);
			buildRules = (
			);
			dependencies = (
			);
			name = dproxyTests;
			productName = dproxyTests;
			productReference = 0C0D0920201A468F000DFBAF /* dproxyTests */;
			productType = "com.apple.product-type.tool";
		};
		0C0D092D201A4E32000DFBAF /* dproxyCore */ = {
			isa = PBXNativeTarget;
			buildConfigurationList = 0C0D092F201A4E32000DFBAF /* Build configuration list for PBXNativeTarget "dproxyCore" */;
			buildPhases = (
				0C0D092A201A4E32000DFBAF /* Sources */,
				0C0D092B201A4E32000DFBAF /* Frameworks */,
				0C0D092C201A4E32000DFBAF /* Headers */,
			);
			buildRules = (
			);
			dependencies = (
			);
			name = dproxyCore;
			productName = dproxyCore;
			productReference = 0C0D092E201A4E32000DFBAF /* libdproxyCore.dylib */;
			productType = "com.apple.product-type.library.dynamic";
		};
		0CDEBFC4200BB773002BCCF2 /* dproxy */ = {
			isa = PBXNativeTarget;
			buildConfigurationList = 0CDEBFCC200BB774002BCCF2 /* Build configuration list for PBXNativeTarget "dproxy" */;
			buildPhases = (
				0CDEBFC1200BB773002BCCF2 /* Sources */,
				0CDEBFC2200BB773002BCCF2 /* Frameworks */,
				0CDEBFC3200BB773002BCCF2 /* CopyFiles */,
			);
			buildRules = (
			);
			dependencies = (
			);
			name = dproxy;
			productName = dproxy;
			productReference = 0CDEBFC5200BB773002BCCF2 /* dproxy */;
			productType = "com.apple.product-type.tool";
		};
/* End PBXNativeTarget section */

/* Begin PBXProject section */
		0CDEBFBD200BB773002BCCF2 /* Project object */ = {
			isa = PBXProject;
			attributes = {
				LastUpgradeCheck = 0920;
				ORGANIZATIONNAME = "David Everlöf";
				TargetAttributes = {
					0C0D091F201A468F000DFBAF = {
						CreatedOnToolsVersion = 9.2;
						ProvisioningStyle = Automatic;
					};
					0C0D092D201A4E32000DFBAF = {
						CreatedOnToolsVersion = 9.2;
						ProvisioningStyle = Automatic;
					};
					0CDEBFC4200BB773002BCCF2 = {
						CreatedOnToolsVersion = 9.2;
						ProvisioningStyle = Automatic;
					};
				};
			};
			buildConfigurationList = 0CDEBFC0200BB773002BCCF2 /* Build configuration list for PBXProject "dproxy" */;
			compatibilityVersion = "Xcode 8.0";
			developmentRegion = en;
			hasScannedForEncodings = 0;
			knownRegions = (
				en,
			);
			mainGroup = 0CDEBFBC200BB773002BCCF2;
			productRefGroup = 0CDEBFC6200BB773002BCCF2 /* Products */;
			projectDirPath = "";
			projectRoot = "";
			targets = (
				0CDEBFC4200BB773002BCCF2 /* dproxy */,
				0C0D091F201A468F000DFBAF /* dproxyTests */,
				0C0D092D201A4E32000DFBAF /* dproxyCore */,
			);
		};
/* End PBXProject section */

/* Begin PBXSourcesBuildPhase section */
		0C0D091C201A468F000DFBAF /* Sources */ = {
			isa = PBXSourcesBuildPhase;
			buildActionMask = 2147483647;
			files = (
				0C0D0923201A468F000DFBAF /* main.c in Sources */,
			);
			runOnlyForDeploymentPostprocessing = 0;
		};
		0C0D092A201A4E32000DFBAF /* Sources */ = {
			isa = PBXSourcesBuildPhase;
			buildActionMask = 2147483647;
			files = (
				0C2D1710201DB806001A8E90 /* utils.c in Sources */,
				0C2D170B201A654E001A8E90 /* log.c in Sources */,
				0C0D093A201A5044000DFBAF /* DCProxy.c in Sources */,
				0C2D170E201A6B04001A8E90 /* DCConnection.c in Sources */,
				0C0D093E201A51B5000DFBAF /* DCChannel.c in Sources */,
			);
			runOnlyForDeploymentPostprocessing = 0;
		};
		0CDEBFC1200BB773002BCCF2 /* Sources */ = {
			isa = PBXSourcesBuildPhase;
			buildActionMask = 2147483647;
			files = (
				0C947BC120137A9D00DF3B52 /* proxy_channel.c in Sources */,
				0C947BC42013B07900DF3B52 /* client_connection.c in Sources */,
				0C947BC72013B08400DF3B52 /* server_connection.c in Sources */,
				0CDEBFDC200CF9B6002BCCF2 /* proxy.c in Sources */,
				0CDEBFC9200BB774002BCCF2 /* main.c in Sources */,
			);
			runOnlyForDeploymentPostprocessing = 0;
		};
/* End PBXSourcesBuildPhase section */

/* Begin XCBuildConfiguration section */
		0C0D0924201A468F000DFBAF /* Debug */ = {
			isa = XCBuildConfiguration;
			buildSettings = {
				CODE_SIGN_STYLE = Automatic;
				DEVELOPMENT_TEAM = SMQ3E8Y57T;
				FRAMEWORK_SEARCH_PATHS = "/usr/local/Cellar/cunit/2.1-3/lib/";
				HEADER_SEARCH_PATHS = "/usr/local/Cellar/cunit/2.1-3/include/";
				LIBRARY_SEARCH_PATHS = (
					"$(inherited)",
					"/usr/local/Cellar/cunit/2.1-3/lib",
				);
				PRODUCT_NAME = "$(TARGET_NAME)";
				SYSTEM_FRAMEWORK_SEARCH_PATHS = "";
				SYSTEM_HEADER_SEARCH_PATHS = "";
			};
			name = Debug;
		};
		0C0D0925201A468F000DFBAF /* Release */ = {
			isa = XCBuildConfiguration;
			buildSettings = {
				CODE_SIGN_STYLE = Automatic;
				DEVELOPMENT_TEAM = SMQ3E8Y57T;
				FRAMEWORK_SEARCH_PATHS = "/usr/local/Cellar/cunit/2.1-3/lib/";
				HEADER_SEARCH_PATHS = "/usr/local/Cellar/cunit/2.1-3/include/";
				LIBRARY_SEARCH_PATHS = (
					"$(inherited)",
					"/usr/local/Cellar/cunit/2.1-3/lib",
				);
				PRODUCT_NAME = "$(TARGET_NAME)";
				SYSTEM_FRAMEWORK_SEARCH_PATHS = "";
				SYSTEM_HEADER_SEARCH_PATHS = "";
			};
			name = Release;
		};
		0C0D0930201A4E32000DFBAF /* Debug */ = {
			isa = XCBuildConfiguration;
			buildSettings = {
				CODE_SIGN_STYLE = Automatic;
				DEVELOPMENT_TEAM = SMQ3E8Y57T;
				DYLIB_COMPATIBILITY_VERSION = 1;
				DYLIB_CURRENT_VERSION = 1;
				EXECUTABLE_PREFIX = lib;
				PRODUCT_NAME = "$(TARGET_NAME)";
			};
			name = Debug;
		};
		0C0D0931201A4E32000DFBAF /* Release */ = {
			isa = XCBuildConfiguration;
			buildSettings = {
				CODE_SIGN_STYLE = Automatic;
				DEVELOPMENT_TEAM = SMQ3E8Y57T;
				DYLIB_COMPATIBILITY_VERSION = 1;
				DYLIB_CURRENT_VERSION = 1;
				EXECUTABLE_PREFIX = lib;
				PRODUCT_NAME = "$(TARGET_NAME)";
			};
			name = Release;
		};
		0CDEBFCA200BB774002BCCF2 /* Debug */ = {
			isa = XCBuildConfiguration;
			buildSettings = {
				ALWAYS_SEARCH_USER_PATHS = NO;
				CLANG_ANALYZER_NONNULL = YES;
				CLANG_ANALYZER_NUMBER_OBJECT_CONVERSION = YES_AGGRESSIVE;
				CLANG_CXX_LANGUAGE_STANDARD = "gnu++14";
				CLANG_CXX_LIBRARY = "libc++";
				CLANG_ENABLE_MODULES = YES;
				CLANG_ENABLE_OBJC_ARC = YES;
				CLANG_WARN_BLOCK_CAPTURE_AUTORELEASING = YES;
				CLANG_WARN_BOOL_CONVERSION = YES;
				CLANG_WARN_COMMA = YES;
				CLANG_WARN_CONSTANT_CONVERSION = YES;
				CLANG_WARN_DIRECT_OBJC_ISA_USAGE = YES_ERROR;
				CLANG_WARN_DOCUMENTATION_COMMENTS = YES;
				CLANG_WARN_EMPTY_BODY = YES;
				CLANG_WARN_ENUM_CONVERSION = YES;
				CLANG_WARN_INFINITE_RECURSION = YES;
				CLANG_WARN_INT_CONVERSION = YES;
				CLANG_WARN_NON_LITERAL_NULL_CONVERSION = YES;
				CLANG_WARN_OBJC_LITERAL_CONVERSION = YES;
				CLANG_WARN_OBJC_ROOT_CLASS = YES_ERROR;
				CLANG_WARN_RANGE_LOOP_ANALYSIS = YES;
				CLANG_WARN_STRICT_PROTOTYPES = YES;
				CLANG_WARN_SUSPICIOUS_MOVE = YES;
				CLANG_WARN_UNGUARDED_AVAILABILITY = YES_AGGRESSIVE;
				CLANG_WARN_UNREACHABLE_CODE = YES;
				CLANG_WARN__DUPLICATE_METHOD_MATCH = YES;
				CODE_SIGN_IDENTITY = "Mac Developer";
				COPY_PHASE_STRIP = NO;
				DEBUG_INFORMATION_FORMAT = dwarf;
				ENABLE_STRICT_OBJC_MSGSEND = YES;
				ENABLE_TESTABILITY = YES;
				GCC_C_LANGUAGE_STANDARD = gnu11;
				GCC_DYNAMIC_NO_PIC = NO;
				GCC_NO_COMMON_BLOCKS = YES;
				GCC_OPTIMIZATION_LEVEL = 0;
				GCC_PREPROCESSOR_DEFINITIONS = (
					"DEBUG=1",
					"$(inherited)",
				);
				GCC_WARN_64_TO_32_BIT_CONVERSION = YES;
				GCC_WARN_ABOUT_RETURN_TYPE = YES_ERROR;
				GCC_WARN_UNDECLARED_SELECTOR = YES;
				GCC_WARN_UNINITIALIZED_AUTOS = YES_AGGRESSIVE;
				GCC_WARN_UNUSED_FUNCTION = YES;
				GCC_WARN_UNUSED_VARIABLE = YES;
				MACOSX_DEPLOYMENT_TARGET = 10.12;
				MTL_ENABLE_DEBUG_INFO = YES;
				ONLY_ACTIVE_ARCH = YES;
				SDKROOT = macosx;
			};
			name = Debug;
		};
		0CDEBFCB200BB774002BCCF2 /* Release */ = {
			isa = XCBuildConfiguration;
			buildSettings = {
				ALWAYS_SEARCH_USER_PATHS = NO;
				CLANG_ANALYZER_NONNULL = YES;
				CLANG_ANALYZER_NUMBER_OBJECT_CONVERSION = YES_AGGRESSIVE;
				CLANG_CXX_LANGUAGE_STANDARD = "gnu++14";
				CLANG_CXX_LIBRARY = "libc++";
				CLANG_ENABLE_MODULES = YES;
				CLANG_ENABLE_OBJC_ARC = YES;
				CLANG_WARN_BLOCK_CAPTURE_AUTORELEASING = YES;
				CLANG_WARN_BOOL_CONVERSION = YES;
				CLANG_WARN_COMMA = YES;
				CLANG_WARN_CONSTANT_CONVERSION = YES;
				CLANG_WARN_DIRECT_OBJC_ISA_USAGE = YES_ERROR;
				CLANG_WARN_DOCUMENTATION_COMMENTS = YES;
				CLANG_WARN_EMPTY_BODY = YES;
				CLANG_WARN_ENUM_CONVERSION = YES;
				CLANG_WARN_INFINITE_RECURSION = YES;
				CLANG_WARN_INT_CONVERSION = YES;
				CLANG_WARN_NON_LITERAL_NULL_CONVERSION = YES;
				CLANG_WARN_OBJC_LITERAL_CONVERSION = YES;
				CLANG_WARN_OBJC_ROOT_CLASS = YES_ERROR;
				CLANG_WARN_RANGE_LOOP_ANALYSIS = YES;
				CLANG_WARN_STRICT_PROTOTYPES = YES;
				CLANG_WARN_SUSPICIOUS_MOVE = YES;
				CLANG_WARN_UNGUARDED_AVAILABILITY = YES_AGGRESSIVE;
				CLANG_WARN_UNREACHABLE_CODE = YES;
				CLANG_WARN__DUPLICATE_METHOD_MATCH = YES;
				CODE_SIGN_IDENTITY = "Mac Developer";
				COPY_PHASE_STRIP = NO;
				DEBUG_INFORMATION_FORMAT = "dwarf-with-dsym";
				ENABLE_NS_ASSERTIONS = NO;
				ENABLE_STRICT_OBJC_MSGSEND = YES;
				GCC_C_LANGUAGE_STANDARD = gnu11;
				GCC_NO_COMMON_BLOCKS = YES;
				GCC_WARN_64_TO_32_BIT_CONVERSION = YES;
				GCC_WARN_ABOUT_RETURN_TYPE = YES_ERROR;
				GCC_WARN_UNDECLARED_SELECTOR = YES;
				GCC_WARN_UNINITIALIZED_AUTOS = YES_AGGRESSIVE;
				GCC_WARN_UNUSED_FUNCTION = YES;
				GCC_WARN_UNUSED_VARIABLE = YES;
				MACOSX_DEPLOYMENT_TARGET = 10.12;
				MTL_ENABLE_DEBUG_INFO = NO;
				SDKROOT = macosx;
			};
			name = Release;
		};
		0CDEBFCD200BB774002BCCF2 /* Debug */ = {
			isa = XCBuildConfiguration;
			buildSettings = {
				CODE_SIGN_STYLE = Automatic;
				DEVELOPMENT_TEAM = SMQ3E8Y57T;
				PRODUCT_NAME = "$(TARGET_NAME)";
			};
			name = Debug;
		};
		0CDEBFCE200BB774002BCCF2 /* Release */ = {
			isa = XCBuildConfiguration;
			buildSettings = {
				CODE_SIGN_STYLE = Automatic;
				DEVELOPMENT_TEAM = SMQ3E8Y57T;
				PRODUCT_NAME = "$(TARGET_NAME)";
			};
			name = Release;
		};
/* End XCBuildConfiguration section */

/* Begin XCConfigurationList section */
		0C0D0926201A468F000DFBAF /* Build configuration list for PBXNativeTarget "dproxyTests" */ = {
			isa = XCConfigurationList;
			buildConfigurations = (
				0C0D0924201A468F000DFBAF /* Debug */,
				0C0D0925201A468F000DFBAF /* Release */,
			);
			defaultConfigurationIsVisible = 0;
			defaultConfigurationName = Release;
		};
		0C0D092F201A4E32000DFBAF /* Build configuration list for PBXNativeTarget "dproxyCore" */ = {
			isa = XCConfigurationList;
			buildConfigurations = (
				0C0D0930201A4E32000DFBAF /* Debug */,
				0C0D0931201A4E32000DFBAF /* Release */,
			);
			defaultConfigurationIsVisible = 0;
			defaultConfigurationName = Release;
		};
		0CDEBFC0200BB773002BCCF2 /* Build configuration list for PBXProject "dproxy" */ = {
			isa = XCConfigurationList;
			buildConfigurations = (
				0CDEBFCA200BB774002BCCF2 /* Debug */,
				0CDEBFCB200BB774002BCCF2 /* Release */,
			);
			defaultConfigurationIsVisible = 0;
			defaultConfigurationName = Release;
		};
		0CDEBFCC200BB774002BCCF2 /* Build configuration list for PBXNativeTarget "dproxy" */ = {
			isa = XCConfigurationList;
			buildConfigurations = (
				0CDEBFCD200BB774002BCCF2 /* Debug */,
				0CDEBFCE200BB774002BCCF2 /* Release */,
			);
			defaultConfigurationIsVisible = 0;
			defaultConfigurationName = Release;
		};
/* End XCConfigurationList section */
	};
	rootObject = 0CDEBFBD200BB773002BCCF2 /* Project object */;
}
